
Microsoft Visual Studio Solution File, Format Version 12.00
# Visual Studio Version 16
VisualStudioVersion = 16.0.31424.327
MinimumVisualStudioVersion = 10.0.40219.1
Project("{FAE04EC0-301F-11D3-BF4B-00C04F79EFBC}") = "DisconnectedEnvironment", "DisconnectedEnvironment\DisconnectedEnvironment.csproj", "{DB0725C7-F2F0-42B7-8140-E3EE68517F4A}"
EndProject
Global
	GlobalSection(SolutionConfigurationPlatforms) = preSolution
		Debug|Any CPU = Debug|Any CPU
		Release|Any CPU = Release|Any CPU
	EndGlobalSection
	GlobalSection(ProjectConfigurationPlatforms) = postSolution
		{DB0725C7-F2F0-42B7-8140-E3EE68517F4A}.Debug|Any CPU.ActiveCfg = Debug|Any CPU
		{DB0725C7-F2F0-42B7-8140-E3EE68517F4A}.Debug|Any CPU.Build.0 = Debug|Any CPU
		{DB0725C7-F2F0-42B7-8140-E3EE68517F4A}.Release|Any CPU.ActiveCfg = Release|Any CPU
		{DB0725C7-F2F0-42B7-8140-E3EE68517F4A}.Release|Any CPU.Build.0 = Release|Any CPU
	EndGlobalSection
	GlobalSection(SolutionProperties) = preSolution
		HideSolutionNode = FALSE
	EndGlobalSection
	GlobalSection(ExtensibilityGlobals) = postSolution
		SolutionGuid = {A8482196-8C3F-47CE-9B8D-E9EDA3E55CC9}
	EndGlobalSection
EndGlobal
